
Microsoft Visual Studio Solution File, Format Version 12.00
# Visual Studio 2013
VisualStudioVersion = 12.0.31101.0
MinimumVisualStudioVersion = 10.0.40219.1
Project("{FAE04EC0-301F-11D3-BF4B-00C04F79EFBC}") = "GNaP.Web.Versioning", "GNaP.Web.Versioning\GNaP.Web.Versioning.csproj", "{A6CCE87A-86CF-4757-9E36-A1EAC03F1CD3}"
EndProject
Project("{2150E333-8FDC-42A3-9474-1A3956D46DE8}") = "Configuration", "Configuration", "{1D0E8788-1FD5-4D64-88B3-BF2A88081CEF}"
	ProjectSection(SolutionItems) = preProject
		..\.gitignore = ..\.gitignore
		CommonAssemblyInfo.cs = CommonAssemblyInfo.cs
		..\README.md = ..\README.md
	EndProjectSection
EndProject
Global
	GlobalSection(SolutionConfigurationPlatforms) = preSolution
		Debug|Any CPU = Debug|Any CPU
		Release|Any CPU = Release|Any CPU
	EndGlobalSection
	GlobalSection(ProjectConfigurationPlatforms) = postSolution
		{A6CCE87A-86CF-4757-9E36-A1EAC03F1CD3}.Debug|Any CPU.ActiveCfg = Debug|Any CPU
		{A6CCE87A-86CF-4757-9E36-A1EAC03F1CD3}.Debug|Any CPU.Build.0 = Debug|Any CPU
		{A6CCE87A-86CF-4757-9E36-A1EAC03F1CD3}.Release|Any CPU.ActiveCfg = Release|Any CPU
		{A6CCE87A-86CF-4757-9E36-A1EAC03F1CD3}.Release|Any CPU.Build.0 = Release|Any CPU
	EndGlobalSection
	GlobalSection(SolutionProperties) = preSolution
		HideSolutionNode = FALSE
	EndGlobalSection
EndGlobal
